
Microsoft Visual Studio Solution File, Format Version 12.00
# Visual Studio Version 16
VisualStudioVersion = 16.0.31410.357
MinimumVisualStudioVersion = 10.0.40219.1
Project("{FAE04EC0-301F-11D3-BF4B-00C04F79EFBC}") = "Prova_Auth_22_06_21", "Prova_Auth_22_06_21\Prova_Auth_22_06_21.csproj", "{795AD052-183D-406B-B22F-9942CB10FD3C}"
EndProject
Global
	GlobalSection(SolutionConfigurationPlatforms) = preSolution
		Debug|Any CPU = Debug|Any CPU
		Release|Any CPU = Release|Any CPU
	EndGlobalSection
	GlobalSection(ProjectConfigurationPlatforms) = postSolution
		{795AD052-183D-406B-B22F-9942CB10FD3C}.Debug|Any CPU.ActiveCfg = Debug|Any CPU
		{795AD052-183D-406B-B22F-9942CB10FD3C}.Debug|Any CPU.Build.0 = Debug|Any CPU
		{795AD052-183D-406B-B22F-9942CB10FD3C}.Release|Any CPU.ActiveCfg = Release|Any CPU
		{795AD052-183D-406B-B22F-9942CB10FD3C}.Release|Any CPU.Build.0 = Release|Any CPU
	EndGlobalSection
	GlobalSection(SolutionProperties) = preSolution
		HideSolutionNode = FALSE
	EndGlobalSection
	GlobalSection(ExtensibilityGlobals) = postSolution
		SolutionGuid = {D5B9F64F-B972-4384-80A5-2C3D1F3C45F1}
	EndGlobalSection
EndGlobal
